
Microsoft Visual Studio Solution File, Format Version 12.00
# Visual Studio Version 17
VisualStudioVersion = 17.5.002.0
MinimumVisualStudioVersion = 10.0.40219.1
Project("{9A19103F-16F7-4668-BE54-9A1E7A4F7556}") = "HelloWorld", "HelloWorld.csproj", "{92B5F5A2-DD36-4466-AD49-5C659B5E9306}"
EndProject
Global
	GlobalSection(SolutionConfigurationPlatforms) = preSolution
		Debug|Any CPU = Debug|Any CPU
		Release|Any CPU = Release|Any CPU
	EndGlobalSection
	GlobalSection(ProjectConfigurationPlatforms) = postSolution
		{92B5F5A2-DD36-4466-AD49-5C659B5E9306}.Debug|Any CPU.ActiveCfg = Debug|Any CPU
		{92B5F5A2-DD36-4466-AD49-5C659B5E9306}.Debug|Any CPU.Build.0 = Debug|Any CPU
		{92B5F5A2-DD36-4466-AD49-5C659B5E9306}.Release|Any CPU.ActiveCfg = Release|Any CPU
		{92B5F5A2-DD36-4466-AD49-5C659B5E9306}.Release|Any CPU.Build.0 = Release|Any CPU
	EndGlobalSection
	GlobalSection(SolutionProperties) = preSolution
		HideSolutionNode = FALSE
	EndGlobalSection
	GlobalSection(ExtensibilityGlobals) = postSolution
		SolutionGuid = {5D5FEF21-0DEE-4A11-B25D-70DA1ECCD363}
	EndGlobalSection
EndGlobal
